
Microsoft Visual Studio Solution File, Format Version 12.00
# Visual Studio 15
VisualStudioVersion = 15.0.27703.2018
MinimumVisualStudioVersion = 10.0.40219.1
Project("{FAE04EC0-301F-11D3-BF4B-00C04F79EFBC}") = "BerlieApp", "BerlieApp\BerlieApp.csproj", "{5B075104-E193-45D3-964D-DF8947350D6E}"
EndProject
Global
	GlobalSection(SolutionConfigurationPlatforms) = preSolution
		Debug|Any CPU = Debug|Any CPU
		Release|Any CPU = Release|Any CPU
	EndGlobalSection
	GlobalSection(ProjectConfigurationPlatforms) = postSolution
		{5B075104-E193-45D3-964D-DF8947350D6E}.Debug|Any CPU.ActiveCfg = Debug|Any CPU
		{5B075104-E193-45D3-964D-DF8947350D6E}.Debug|Any CPU.Build.0 = Debug|Any CPU
		{5B075104-E193-45D3-964D-DF8947350D6E}.Release|Any CPU.ActiveCfg = Release|Any CPU
		{5B075104-E193-45D3-964D-DF8947350D6E}.Release|Any CPU.Build.0 = Release|Any CPU
	EndGlobalSection
	GlobalSection(SolutionProperties) = preSolution
		HideSolutionNode = FALSE
	EndGlobalSection
	GlobalSection(ExtensibilityGlobals) = postSolution
		SolutionGuid = {3326D4AE-D6DE-46CC-A607-6EE3BFCF5F5A}
	EndGlobalSection
EndGlobal
